
Microsoft Visual Studio Solution File, Format Version 12.00
# Visual Studio Version 17
VisualStudioVersion = 17.14.36327.8 d17.14
MinimumVisualStudioVersion = 10.0.40219.1
Project("{FAE04EC0-301F-11D3-BF4B-00C04F79EFBC}") = "BadgeProject", "BadgeProject\BadgeProject.csproj", "{6A26930C-E781-41B1-9450-1F3114D1001D}"
EndProject
Global
	GlobalSection(SolutionConfigurationPlatforms) = preSolution
		Debug|Any CPU = Debug|Any CPU
		Release|Any CPU = Release|Any CPU
	EndGlobalSection
	GlobalSection(ProjectConfigurationPlatforms) = postSolution
		{6A26930C-E781-41B1-9450-1F3114D1001D}.Debug|Any CPU.ActiveCfg = Debug|Any CPU
		{6A26930C-E781-41B1-9450-1F3114D1001D}.Debug|Any CPU.Build.0 = Debug|Any CPU
		{6A26930C-E781-41B1-9450-1F3114D1001D}.Release|Any CPU.ActiveCfg = Release|Any CPU
		{6A26930C-E781-41B1-9450-1F3114D1001D}.Release|Any CPU.Build.0 = Release|Any CPU
	EndGlobalSection
	GlobalSection(SolutionProperties) = preSolution
		HideSolutionNode = FALSE
	EndGlobalSection
	GlobalSection(ExtensibilityGlobals) = postSolution
		SolutionGuid = {0BC68212-8B26-4249-9F25-291E7702C458}
	EndGlobalSection
EndGlobal
